# This file was autogenerated by Stack.
# You should not edit this file by hand.
# For more information, please see the documentation at:
#   https://docs.haskellstack.org/en/stable/lock_files

packages:
- completed:
    size: 4259309
    subdir: gitlib
    url: https://github.com/da-x/gitlib/archive/5b338169a2618337a60aaf17e2ab56a2654b1244.zip
    cabal-file:
      size: 3011
      sha256: 6cf69744afba3674e50e3a24e6004a39902bdad16d7092492497a1a4e43b1977
    name: gitlib
    version: 3.1.1.1
    sha256: cb02138917ed00250056139923b02741a43c45bfe388584b5a051e63c74ee754
    pantry-tree:
      size: 1133
      sha256: 13cf82c7634e5b46c932e296ec07133abd259afc3538eb641b051ee4b163600f
  original:
    subdir: gitlib
    url: https://github.com/da-x/gitlib/archive/5b338169a2618337a60aaf17e2ab56a2654b1244.zip
- completed:
    size: 4259309
    subdir: gitlib-libgit2
    url: https://github.com/da-x/gitlib/archive/5b338169a2618337a60aaf17e2ab56a2654b1244.zip
    cabal-file:
      size: 2433
      sha256: 3bad547c7ef0fd2d66b079e7b1827b65e961cba6ff09fab44b8455b6eaee7fa2
    name: gitlib-libgit2
    version: 3.1.1.1
    sha256: cb02138917ed00250056139923b02741a43c45bfe388584b5a051e63c74ee754
    pantry-tree:
      size: 773
      sha256: 9b252225e0146ac0672fdb3d95901a0ff77fe6a78afef51dde03496d856ed10b
  original:
    subdir: gitlib-libgit2
    url: https://github.com/da-x/gitlib/archive/5b338169a2618337a60aaf17e2ab56a2654b1244.zip
- completed:
    size: 4259309
    subdir: hlibgit2
    url: https://github.com/da-x/gitlib/archive/5b338169a2618337a60aaf17e2ab56a2654b1244.zip
    cabal-file:
      size: 6605
      sha256: 4a7e2942f2742cd2dceba81ad3fd929218b9670472c46dd7cc8ae9149a56eee7
    name: hlibgit2
    version: 0.18.0.15.1
    sha256: cb02138917ed00250056139923b02741a43c45bfe388584b5a051e63c74ee754
    pantry-tree:
      size: 197821
      sha256: b5858e029c2c625dde509559e8b7cd46e717a623fb88d8661c62d6b44edcdfb3
  original:
    subdir: hlibgit2
    url: https://github.com/da-x/gitlib/archive/5b338169a2618337a60aaf17e2ab56a2654b1244.zip
snapshots:
- completed:
    size: 536340
    url: https://raw.githubusercontent.com/commercialhaskell/stackage-snapshots/master/lts/9/18.yaml
    sha256: 3378d236577d99911e5325255f2b147e3f2d1f0253dc680d2b85921183c04e4f
  original: lts-9.18
