# This file was autogenerated by Stack.
# You should not edit this file by hand.
# For more information, please see the documentation at:
#   https://docs.haskellstack.org/en/stable/lock_files

packages:
- completed:
    hackage: patience-0.1.1@sha256:c71f04c26708ac283c7bf7f4da515bb7d87921e7891aa3a12c56432baf874476,1216
    pantry-tree:
      size: 272
      sha256: f861064b02850a314fe79b8e7b42428f1ab3638024af77101a6d422a7a3978e4
  original:
    hackage: patience-0.1.1@sha256:c71f04c26708ac283c7bf7f4da515bb7d87921e7891aa3a12c56432baf874476,1216
- completed:
    size: 84623
    subdir: gitlib
    url: https://github.com/da-x/gitlib/archive/eef462541c68be62e6cbc5ac4595114bd6f67233.tar.gz
    cabal-file:
      size: 2937
      sha256: 2b44d6b506892d656f5c0ecb0bf7ca6a36df57676910481f6dcc8c8a6c67f054
    name: gitlib
    version: 3.1.2.1
    sha256: 19c002ef7dd79ca6cda10bcee94b695cb81b32a1097e29fd347c3a54bc17eccc
    pantry-tree:
      size: 1086
      sha256: 49351d8c8804992bbef9ffa87bff69804eef1bc434fb8aa5e5834917f56a8a2d
  original:
    subdir: gitlib
    url: https://github.com/da-x/gitlib/archive/eef462541c68be62e6cbc5ac4595114bd6f67233.tar.gz
- completed:
    size: 84623
    subdir: gitlib-libgit2
    url: https://github.com/da-x/gitlib/archive/eef462541c68be62e6cbc5ac4595114bd6f67233.tar.gz
    cabal-file:
      size: 2370
      sha256: 2fcffa53491673cec3d5ea7eae0a1e1e44ef1b71e166ccaed8dc603c009e9131
    name: gitlib-libgit2
    version: 3.1.1.1
    sha256: 19c002ef7dd79ca6cda10bcee94b695cb81b32a1097e29fd347c3a54bc17eccc
    pantry-tree:
      size: 564
      sha256: 297921a3c3e55cb4a8de28c52ebcd3abaea54dfac0f132cd8cad17a6b2a59e75
  original:
    subdir: gitlib-libgit2
    url: https://github.com/da-x/gitlib/archive/eef462541c68be62e6cbc5ac4595114bd6f67233.tar.gz
- completed:
    size: 84623
    subdir: hlibgit2
    url: https://github.com/da-x/gitlib/archive/eef462541c68be62e6cbc5ac4595114bd6f67233.tar.gz
    cabal-file:
      size: 6825
      sha256: eaf02c694afbbc294c7e08d8e691d379e07a1829e0125b0ad6d4227d9e98f99a
    name: hlibgit2
    version: 0.18.0.16.1
    sha256: 19c002ef7dd79ca6cda10bcee94b695cb81b32a1097e29fd347c3a54bc17eccc
    pantry-tree:
      size: 4198
      sha256: 74ca85c9e2716ea8c76027d05a2a42fe35487c7b8ba46ec5c38b4c553b8fd43e
  original:
    subdir: hlibgit2
    url: https://github.com/da-x/gitlib/archive/eef462541c68be62e6cbc5ac4595114bd6f67233.tar.gz
snapshots:
- completed:
    size: 504771
    url: https://raw.githubusercontent.com/commercialhaskell/stackage-snapshots/master/lts/12/14.yaml
    sha256: 3cbd6c83316dd5e2bbc756dc7a2a4e31a31859c3f8b5c720efb6850b08e42649
  original: lts-12.14
